
Microsoft Visual Studio Solution File, Format Version 12.00
# Visual Studio 2012
Project("{FAE04EC0-301F-11D3-BF4B-00C04F79EFBC}") = "WpfApplication", "WpfApplication\WpfApplication.csproj", "{81F104F7-C2A9-4BC1-A34D-1B3F3036BF18}"
EndProject
Project("{FAE04EC0-301F-11D3-BF4B-00C04F79EFBC}") = "RubbikCubeDomain", "RubbikCubeDomain\RubbikCubeDomain.csproj", "{A70B4745-594F-4672-81C9-F09EB9E4CB20}"
EndProject
Project("{FAE04EC0-301F-11D3-BF4B-00C04F79EFBC}") = "RubbikCubeDomain.Tests", "RubbikCubeDomain\Tests\RubbikCubeDomain.Tests.csproj", "{64CCB483-BCC7-41F7-9020-E41D4992B718}"
EndProject
Global
	GlobalSection(SolutionConfigurationPlatforms) = preSolution
		Debug|Any CPU = Debug|Any CPU
		Release|Any CPU = Release|Any CPU
	EndGlobalSection
	GlobalSection(ProjectConfigurationPlatforms) = postSolution
		{81F104F7-C2A9-4BC1-A34D-1B3F3036BF18}.Debug|Any CPU.ActiveCfg = Debug|Any CPU
		{81F104F7-C2A9-4BC1-A34D-1B3F3036BF18}.Debug|Any CPU.Build.0 = Debug|Any CPU
		{81F104F7-C2A9-4BC1-A34D-1B3F3036BF18}.Release|Any CPU.ActiveCfg = Release|Any CPU
		{81F104F7-C2A9-4BC1-A34D-1B3F3036BF18}.Release|Any CPU.Build.0 = Release|Any CPU
		{A70B4745-594F-4672-81C9-F09EB9E4CB20}.Debug|Any CPU.ActiveCfg = Debug|Any CPU
		{A70B4745-594F-4672-81C9-F09EB9E4CB20}.Debug|Any CPU.Build.0 = Debug|Any CPU
		{A70B4745-594F-4672-81C9-F09EB9E4CB20}.Release|Any CPU.ActiveCfg = Release|Any CPU
		{A70B4745-594F-4672-81C9-F09EB9E4CB20}.Release|Any CPU.Build.0 = Release|Any CPU
		{64CCB483-BCC7-41F7-9020-E41D4992B718}.Debug|Any CPU.ActiveCfg = Debug|Any CPU
		{64CCB483-BCC7-41F7-9020-E41D4992B718}.Debug|Any CPU.Build.0 = Debug|Any CPU
		{64CCB483-BCC7-41F7-9020-E41D4992B718}.Release|Any CPU.ActiveCfg = Release|Any CPU
		{64CCB483-BCC7-41F7-9020-E41D4992B718}.Release|Any CPU.Build.0 = Release|Any CPU
	EndGlobalSection
	GlobalSection(SolutionProperties) = preSolution
		HideSolutionNode = FALSE
	EndGlobalSection
EndGlobal
